lockfileVersion: '6.0'

dependencies:
  proxy-agent:
    specifier: ^6.2.1
    version: 6.2.1
  ws:
    specifier: ^8.13.0
    version: 8.13.0

packages:

  /acorn-walk@8.2.0:
    resolution: {integrity: sha512-k+iyHEuPgSw6SbuDpGQM+06HQUa04DZ3o+F6CSzXMvvI5KMvnaEqXe+YVe555R9nn6GPt404fos4wcgpw12SDA==}
    engines: {node: '>=0.4.0'}
    dev: false

  /acorn@8.8.2:
    resolution: {integrity: sha512-xjIYgE8HBrkpd/sJqOGNspf8uHG+NOHGOw6a/Urj8taM2EXfdNAH2oFcPeIFfsv3+kz/mJrS5VuMqbNLjCa2vw==}
    engines: {node: '>=0.4.0'}
    hasBin: true
    dev: false

  /agent-base@7.1.0:
    resolution: {integrity: sha512-o/zjMZRhJxny7OyEF+Op8X+efiELC7k7yOjMzgfzVqOzXqkBkWI79YoTdOtsuWd5BWhAGAuOY/Xa6xpiaWXiNg==}
    engines: {node: '>= 14'}
    dependencies:
      debug: 4.3.4
    transitivePeerDependencies:
      - supports-color
    dev: false

  /ast-types@0.13.4:
    resolution: {integrity: sha512-x1FCFnFifvYDDzTaLII71vG5uvDwgtmDTEVWAxrgeiR8VjMONcCXJx7E+USjDtHlwFmt9MysbqgF9b9Vjr6w+w==}
    engines: {node: '>=4'}
    dependencies:
      tslib: 2.5.3
    dev: false

  /basic-ftp@5.0.3:
    resolution: {integrity: sha512-QHX8HLlncOLpy54mh+k/sWIFd0ThmRqwe9ZjELybGZK+tZ8rUb9VO0saKJUROTbE+KhzDUT7xziGpGrW8Kmd+g==}
    engines: {node: '>=10.0.0'}
    dev: false

  /data-uri-to-buffer@5.0.1:
    resolution: {integrity: sha512-a9l6T1qqDogvvnw0nKlfZzqsyikEBZBClF39V3TFoKhDtGBqHu2HkuomJc02j5zft8zrUaXEuoicLeW54RkzPg==}
    engines: {node: '>= 14'}
    dev: false

  /debug@4.3.4:
    resolution: {integrity: sha512-PRWFHuSU3eDtQJPvnNY7Jcket1j0t5OuOsFzPPzsekD52Zl8qUfFIPEiswXqIvHWGVHOgX+7G/vCNNhehwxfkQ==}
    engines: {node: '>=6.0'}
    peerDependencies:
      supports-color: '*'
    peerDependenciesMeta:
      supports-color:
        optional: true
    dependencies:
      ms: 2.1.2
    dev: false

  /deep-is@0.1.4:
    resolution: {integrity: sha512-oIPzksmTg4/MriiaYGO+okXDT7ztn/w3Eptv/+gSIdMdKsJo0u4CfYNFJPy+4SKMuCqGw2wxnA+URMg3t8a/bQ==}
    dev: false

  /degenerator@4.0.2:
    resolution: {integrity: sha512-HKwIFvZROUMfH3qI3gBpD61BYh7q3c3GXD5UGZzoVNJwVSYgZKvYl1fRMXc9ozoTxl/VZxKJ5v/bA+19tywFiw==}
    engines: {node: '>= 14'}
    dependencies:
      ast-types: 0.13.4
      escodegen: 1.14.3
      esprima: 4.0.1
      vm2: 3.9.19
    dev: false

  /escodegen@1.14.3:
    resolution: {integrity: sha512-qFcX0XJkdg+PB3xjZZG/wKSuT1PnQWx57+TVSjIMmILd2yC/6ByYElPwJnslDsuWuSAp4AwJGumarAAmJch5Kw==}
    engines: {node: '>=4.0'}
    hasBin: true
    dependencies:
      esprima: 4.0.1
      estraverse: 4.3.0
      esutils: 2.0.3
      optionator: 0.8.3
    optionalDependencies:
      source-map: 0.6.1
    dev: false

  /esprima@4.0.1:
    resolution: {integrity: sha512-eGuFFw7Upda+g4p+QHvnW0RyTX/SVeJBDM/gCtMARO0cLuT2HcEKnTPvhjV6aGeqrCB/sbNop0Kszm0jsaWU4A==}
    engines: {node: '>=4'}
    hasBin: true
    dev: false

  /estraverse@4.3.0:
    resolution: {integrity: sha512-39nnKffWz8xN1BU/2c79n9nB9HDzo0niYUqx6xyqUnyoAnQyyWpOTdZEeiCch8BBu515t4wp9ZmgVfVhn9EBpw==}
    engines: {node: '>=4.0'}
    dev: false

  /esutils@2.0.3:
    resolution: {integrity: sha512-kVscqXk4OCp68SZ0dkgEKVi6/8ij300KBWTJq32P/dYeWTSwK41WyTxalN1eRmA5Z9UU/LX9D7FWSmV9SAYx6g==}
    engines: {node: '>=0.10.0'}
    dev: false

  /fast-levenshtein@2.0.6:
    resolution: {integrity: sha512-DCXu6Ifhqcks7TZKY3Hxp3y6qphY5SJZmrWMDrKcERSOXWQdMhU9Ig/PYrzyw/ul9jOIyh0N4M0tbC5hodg8dw==}
    dev: false

  /fs-extra@8.1.0:
    resolution: {integrity: sha512-yhlQgA6mnOJUKOsRUFsgJdQCvkKhcz8tlZG5HBQfReYZy46OwLcY+Zia0mtdHsOo9y/hP+CxMN0TU9QxoOtG4g==}
    engines: {node: '>=6 <7 || >=8'}
    dependencies:
      graceful-fs: 4.2.11
      jsonfile: 4.0.0
      universalify: 0.1.2
    dev: false

  /get-uri@6.0.1:
    resolution: {integrity: sha512-7ZqONUVqaabogsYNWlYj0t3YZaL6dhuEueZXGF+/YVmf6dHmaFg8/6psJKqhx9QykIDKzpGcy2cn4oV4YC7V/Q==}
    engines: {node: '>= 14'}
    dependencies:
      basic-ftp: 5.0.3
      data-uri-to-buffer: 5.0.1
      debug: 4.3.4
      fs-extra: 8.1.0
    transitivePeerDependencies:
      - supports-color
    dev: false

  /graceful-fs@4.2.11:
    resolution: {integrity: sha512-RbJ5/jmFcNNCcDV5o9eTnBLJ/HszWV0P73bc+Ff4nS/rJj+YaS6IGyiOL0VoBYX+l1Wrl3k63h/KrH+nhJ0XvQ==}
    dev: false

  /http-proxy-agent@7.0.0:
    resolution: {integrity: sha512-+ZT+iBxVUQ1asugqnD6oWoRiS25AkjNfG085dKJGtGxkdwLQrMKU5wJr2bOOFAXzKcTuqq+7fZlTMgG3SRfIYQ==}
    engines: {node: '>= 14'}
    dependencies:
      agent-base: 7.1.0
      debug: 4.3.4
    transitivePeerDependencies:
      - supports-color
    dev: false

  /https-proxy-agent@7.0.0:
    resolution: {integrity: sha512-0euwPCRyAPSgGdzD1IVN9nJYHtBhJwb6XPfbpQcYbPCwrBidX6GzxmchnaF4sfF/jPb74Ojx5g4yTg3sixlyPw==}
    engines: {node: '>= 14'}
    dependencies:
      agent-base: 7.1.0
      debug: 4.3.4
    transitivePeerDependencies:
      - supports-color
    dev: false

  /ip@1.1.8:
    resolution: {integrity: sha512-PuExPYUiu6qMBQb4l06ecm6T6ujzhmh+MeJcW9wa89PoAz5pvd4zPgN5WJV104mb6S2T1AwNIAaB70JNrLQWhg==}
    dev: false

  /ip@2.0.0:
    resolution: {integrity: sha512-WKa+XuLG1A1R0UWhl2+1XQSi+fZWMsYKffMZTTYsiZaUD8k2yDAj5atimTUD2TZkyCkNEeYE5NhFZmupOGtjYQ==}
    dev: false

  /jsonfile@4.0.0:
    resolution: {integrity: sha512-m6F1R3z8jjlf2imQHS2Qez5sjKWQzbuuhuJ/FKYFRZvPE3PuHcSMVZzfsLhGVOkfd20obL5SWEBew5ShlquNxg==}
    optionalDependencies:
      graceful-fs: 4.2.11
    dev: false

  /levn@0.3.0:
    resolution: {integrity: sha512-0OO4y2iOHix2W6ujICbKIaEQXvFQHue65vUG3pb5EUomzPI90z9hsA1VsO/dbIIpC53J8gxM9Q4Oho0jrCM/yA==}
    engines: {node: '>= 0.8.0'}
    dependencies:
      prelude-ls: 1.1.2
      type-check: 0.3.2
    dev: false

  /lru-cache@7.18.3:
    resolution: {integrity: sha512-jumlc0BIUrS3qJGgIkWZsyfAM7NCWiBcCDhnd+3NNM5KbBmLTgHVfWBcg6W+rLUsIpzpERPsvwUP7CckAQSOoA==}
    engines: {node: '>=12'}
    dev: false

  /ms@2.1.2:
    resolution: {integrity: sha512-sGkPx+VjMtmA6MX27oA4FBFELFCZZ4S4XqeGOXCv68tT+jb3vk/RyaKWP0PTKyWtmLSM0b+adUTEvbs1PEaH2w==}
    dev: false

  /netmask@2.0.2:
    resolution: {integrity: sha512-dBpDMdxv9Irdq66304OLfEmQ9tbNRFnFTuZiLo+bD+r332bBmMJ8GBLXklIXXgxd3+v9+KUnZaUR5PJMa75Gsg==}
    engines: {node: '>= 0.4.0'}
    dev: false

  /optionator@0.8.3:
    resolution: {integrity: sha512-+IW9pACdk3XWmmTXG8m3upGUJst5XRGzxMRjXzAuJ1XnIFNvfhjjIuYkDvysnPQ7qzqVzLt78BCruntqRhWQbA==}
    engines: {node: '>= 0.8.0'}
    dependencies:
      deep-is: 0.1.4
      fast-levenshtein: 2.0.6
      levn: 0.3.0
      prelude-ls: 1.1.2
      type-check: 0.3.2
      word-wrap: 1.2.3
    dev: false

  /pac-proxy-agent@6.0.3:
    resolution: {integrity: sha512-5Hr1KgPDoc21Vn3rsXBirwwDnF/iac1jN/zkpsOYruyT+ZgsUhUOgVwq3v9+ukjZd/yGm/0nzO1fDfl7rkGoHQ==}
    engines: {node: '>= 14'}
    dependencies:
      agent-base: 7.1.0
      debug: 4.3.4
      get-uri: 6.0.1
      http-proxy-agent: 7.0.0
      https-proxy-agent: 7.0.0
      pac-resolver: 6.0.1
      socks-proxy-agent: 8.0.1
    transitivePeerDependencies:
      - supports-color
    dev: false

  /pac-resolver@6.0.1:
    resolution: {integrity: sha512-dg497MhVT7jZegPRuOScQ/z0aV/5WR0gTdRu1md+Irs9J9o+ls5jIuxjo1WfaTG+eQQkxyn5HMGvWK+w7EIBkQ==}
    engines: {node: '>= 14'}
    dependencies:
      degenerator: 4.0.2
      ip: 1.1.8
      netmask: 2.0.2
    dev: false

  /prelude-ls@1.1.2:
    resolution: {integrity: sha512-ESF23V4SKG6lVSGZgYNpbsiaAkdab6ZgOxe52p7+Kid3W3u3bxR4Vfd/o21dmN7jSt0IwgZ4v5MUd26FEtXE9w==}
    engines: {node: '>= 0.8.0'}
    dev: false

  /proxy-agent@6.2.1:
    resolution: {integrity: sha512-OIbBKlRAT+ycCm6wAYIzMwPejzRtjy8F3QiDX0eKOA3e4pe3U9F/IvzcHP42bmgQxVv97juG+J8/gx+JIeCX/Q==}
    engines: {node: '>= 14'}
    dependencies:
      agent-base: 7.1.0
      debug: 4.3.4
      http-proxy-agent: 7.0.0
      https-proxy-agent: 7.0.0
      lru-cache: 7.18.3
      pac-proxy-agent: 6.0.3
      proxy-from-env: 1.1.0
      socks-proxy-agent: 8.0.1
    transitivePeerDependencies:
      - supports-color
    dev: false

  /proxy-from-env@1.1.0:
    resolution: {integrity: sha512-D+zkORCbA9f1tdWRK0RaCR3GPv50cMxcrz4X8k5LTSUD1Dkw47mKJEZQNunItRTkWwgtaUSo1RVFRIG9ZXiFYg==}
    dev: false

  /smart-buffer@4.2.0:
    resolution: {integrity: sha512-94hK0Hh8rPqQl2xXc3HsaBoOXKV20MToPkcXvwbISWLEs+64sBq5kFgn2kJDHb1Pry9yrP0dxrCI9RRci7RXKg==}
    engines: {node: '>= 6.0.0', npm: '>= 3.0.0'}
    dev: false

  /socks-proxy-agent@8.0.1:
    resolution: {integrity: sha512-59EjPbbgg8U3x62hhKOFVAmySQUcfRQ4C7Q/D5sEHnZTQRrQlNKINks44DMR1gwXp0p4LaVIeccX2KHTTcHVqQ==}
    engines: {node: '>= 14'}
    dependencies:
      agent-base: 7.1.0
      debug: 4.3.4
      socks: 2.7.1
    transitivePeerDependencies:
      - supports-color
    dev: false

  /socks@2.7.1:
    resolution: {integrity: sha512-7maUZy1N7uo6+WVEX6psASxtNlKaNVMlGQKkG/63nEDdLOWNbiUMoLK7X4uYoLhQstau72mLgfEWcXcwsaHbYQ==}
    engines: {node: '>= 10.13.0', npm: '>= 3.0.0'}
    dependencies:
      ip: 2.0.0
      smart-buffer: 4.2.0
    dev: false

  /source-map@0.6.1:
    resolution: {integrity: sha512-UjgapumWlbMhkBgzT7Ykc5YXUT46F0iKu8SGXq0bcwP5dz/h0Plj6enJqjz1Zbq2l5WaqYnrVbwWOWMyF3F47g==}
    engines: {node: '>=0.10.0'}
    requiresBuild: true
    dev: false
    optional: true

  /tslib@2.5.3:
    resolution: {integrity: sha512-mSxlJJwl3BMEQCUNnxXBU9jP4JBktcEGhURcPR6VQVlnP0FdDEsIaz0C35dXNGLyRfrATNofF0F5p2KPxQgB+w==}
    dev: false

  /type-check@0.3.2:
    resolution: {integrity: sha512-ZCmOJdvOWDBYJlzAoFkC+Q0+bUyEOS1ltgp1MGU03fqHG+dbi9tBFU2Rd9QKiDZFAYrhPh2JUf7rZRIuHRKtOg==}
    engines: {node: '>= 0.8.0'}
    dependencies:
      prelude-ls: 1.1.2
    dev: false

  /universalify@0.1.2:
    resolution: {integrity: sha512-rBJeI5CXAlmy1pV+617WB9J63U6XcazHHF2f2dbJix4XzpUF0RS3Zbj0FGIOCAva5P/d/GBOYaACQ1w+0azUkg==}
    engines: {node: '>= 4.0.0'}
    dev: false

  /vm2@3.9.19:
    resolution: {integrity: sha512-J637XF0DHDMV57R6JyVsTak7nIL8gy5KH4r1HiwWLf/4GBbb5MKL5y7LpmF4A8E2nR6XmzpmMFQ7V7ppPTmUQg==}
    engines: {node: '>=6.0'}
    hasBin: true
    dependencies:
      acorn: 8.8.2
      acorn-walk: 8.2.0
    dev: false

  /word-wrap@1.2.3:
    resolution: {integrity: sha512-Hz/mrNwitNRh/HUAtM/VT/5VH+ygD6DV7mYKZAtHOrbs8U7lvPS6xf7EJKMF0uW1KJCl0H701g3ZGus+muE5vQ==}
    engines: {node: '>=0.10.0'}
    dev: false

  /ws@8.13.0:
    resolution: {integrity: sha512-x9vcZYTrFPC7aSIbj7sRCYo7L/Xb8Iy+pW0ng0wt2vCJv7M9HOMy0UoN3rr+IFC7hb7vXoqS+P9ktyLLLhO+LA==}
    engines: {node: '>=10.0.0'}
    peerDependencies:
      bufferutil: ^4.0.1
      utf-8-validate: '>=5.0.2'
    peerDependenciesMeta:
      bufferutil:
        optional: true
      utf-8-validate:
        optional: true
    dev: false
